
Microsoft Visual Studio Solution File, Format Version 12.00
# Visual Studio Version 17
VisualStudioVersion = 17.10.35013.160
MinimumVisualStudioVersion = 10.0.40219.1
Project("{2150E333-8FDC-42A3-9474-1A3956D46DE8}") = "root", "root", "{4665B83A-C30F-4CC4-9963-7FD3ED9F4FD1}"
	ProjectSection(SolutionItems) = preProject
		Directory.Build.props = Directory.Build.props
		Directory.Packages.props = Directory.Packages.props
	EndProjectSection
EndProject
Project("{2150E333-8FDC-42A3-9474-1A3956D46DE8}") = "conf", "conf", "{584C9B9D-5D00-4D8F-9C9E-48A59140F766}"
EndProject
Project("{9A19103F-16F7-4668-BE54-9A1E7A4F7556}") = "Chino.Conf", "conf\Chino.Conf\Chino.Conf.csproj", "{89CAC358-EF71-44DE-B6A6-24A83984BA1F}"
EndProject
Global
	GlobalSection(SolutionConfigurationPlatforms) = preSolution
		Debug|Any CPU = Debug|Any CPU
		Release|Any CPU = Release|Any CPU
	EndGlobalSection
	GlobalSection(ProjectConfigurationPlatforms) = postSolution
		{89CAC358-EF71-44DE-B6A6-24A83984BA1F}.Debug|Any CPU.ActiveCfg = Debug|Any CPU
		{89CAC358-EF71-44DE-B6A6-24A83984BA1F}.Debug|Any CPU.Build.0 = Debug|Any CPU
		{89CAC358-EF71-44DE-B6A6-24A83984BA1F}.Release|Any CPU.ActiveCfg = Release|Any CPU
		{89CAC358-EF71-44DE-B6A6-24A83984BA1F}.Release|Any CPU.Build.0 = Release|Any CPU
	EndGlobalSection
	GlobalSection(SolutionProperties) = preSolution
		HideSolutionNode = FALSE
	EndGlobalSection
	GlobalSection(NestedProjects) = preSolution
		{89CAC358-EF71-44DE-B6A6-24A83984BA1F} = {584C9B9D-5D00-4D8F-9C9E-48A59140F766}
	EndGlobalSection
	GlobalSection(ExtensibilityGlobals) = postSolution
		SolutionGuid = {4033F8F1-0C7A-4D33-8903-A353E802C8A9}
	EndGlobalSection
EndGlobal
