
Microsoft Visual Studio Solution File, Format Version 12.00
# Visual Studio Version 16
VisualStudioVersion = 16.0.29905.134
MinimumVisualStudioVersion = 10.0.40219.1
Project("{9A19103F-16F7-4668-BE54-9A1E7A4F7556}") = "chinoc", "chinoc\chinoc.csproj", "{403F6DB8-7FF9-4E04-8A15-1CD601A2607C}"
EndProject
Project("{9A19103F-16F7-4668-BE54-9A1E7A4F7556}") = "Chino.Core", "Chino.Core\Chino.Core.csproj", "{656BEA48-6E5D-419C-81D8-D8424BE585A2}"
EndProject
Project("{9A19103F-16F7-4668-BE54-9A1E7A4F7556}") = "boarddef", "..\src\hal\src\board\boarddef.csproj", "{029C145E-CCCB-49D4-8AF0-E0BB50FF94EF}"
EndProject
Project("{9A19103F-16F7-4668-BE54-9A1E7A4F7556}") = "chipdef", "..\src\hal\src\chip\chipdef.csproj", "{F8054AF7-CF7E-48AF-8CDC-88BC45700A55}"
EndProject
Project("{9A19103F-16F7-4668-BE54-9A1E7A4F7556}") = "driverdef", "..\src\drivers\driverdef.csproj", "{B0CE226D-AA81-4B35-B5EE-2D2F0C6F30DA}"
EndProject
Global
	GlobalSection(SolutionConfigurationPlatforms) = preSolution
		Debug|Any CPU = Debug|Any CPU
		Release|Any CPU = Release|Any CPU
	EndGlobalSection
	GlobalSection(ProjectConfigurationPlatforms) = postSolution
		{403F6DB8-7FF9-4E04-8A15-1CD601A2607C}.Debug|Any CPU.ActiveCfg = Debug|Any CPU
		{403F6DB8-7FF9-4E04-8A15-1CD601A2607C}.Debug|Any CPU.Build.0 = Debug|Any CPU
		{403F6DB8-7FF9-4E04-8A15-1CD601A2607C}.Release|Any CPU.ActiveCfg = Release|Any CPU
		{403F6DB8-7FF9-4E04-8A15-1CD601A2607C}.Release|Any CPU.Build.0 = Release|Any CPU
		{656BEA48-6E5D-419C-81D8-D8424BE585A2}.Debug|Any CPU.ActiveCfg = Debug|Any CPU
		{656BEA48-6E5D-419C-81D8-D8424BE585A2}.Debug|Any CPU.Build.0 = Debug|Any CPU
		{656BEA48-6E5D-419C-81D8-D8424BE585A2}.Release|Any CPU.ActiveCfg = Release|Any CPU
		{656BEA48-6E5D-419C-81D8-D8424BE585A2}.Release|Any CPU.Build.0 = Release|Any CPU
		{029C145E-CCCB-49D4-8AF0-E0BB50FF94EF}.Debug|Any CPU.ActiveCfg = Debug|Any CPU
		{029C145E-CCCB-49D4-8AF0-E0BB50FF94EF}.Debug|Any CPU.Build.0 = Debug|Any CPU
		{029C145E-CCCB-49D4-8AF0-E0BB50FF94EF}.Release|Any CPU.ActiveCfg = Release|Any CPU
		{029C145E-CCCB-49D4-8AF0-E0BB50FF94EF}.Release|Any CPU.Build.0 = Release|Any CPU
		{F8054AF7-CF7E-48AF-8CDC-88BC45700A55}.Debug|Any CPU.ActiveCfg = Debug|Any CPU
		{F8054AF7-CF7E-48AF-8CDC-88BC45700A55}.Debug|Any CPU.Build.0 = Debug|Any CPU
		{F8054AF7-CF7E-48AF-8CDC-88BC45700A55}.Release|Any CPU.ActiveCfg = Release|Any CPU
		{F8054AF7-CF7E-48AF-8CDC-88BC45700A55}.Release|Any CPU.Build.0 = Release|Any CPU
		{B0CE226D-AA81-4B35-B5EE-2D2F0C6F30DA}.Debug|Any CPU.ActiveCfg = Debug|Any CPU
		{B0CE226D-AA81-4B35-B5EE-2D2F0C6F30DA}.Debug|Any CPU.Build.0 = Debug|Any CPU
		{B0CE226D-AA81-4B35-B5EE-2D2F0C6F30DA}.Release|Any CPU.ActiveCfg = Release|Any CPU
		{B0CE226D-AA81-4B35-B5EE-2D2F0C6F30DA}.Release|Any CPU.Build.0 = Release|Any CPU
	EndGlobalSection
	GlobalSection(SolutionProperties) = preSolution
		HideSolutionNode = FALSE
	EndGlobalSection
	GlobalSection(ExtensibilityGlobals) = postSolution
		SolutionGuid = {4033F8F1-0C7A-4D33-8903-A353E802C8A9}
	EndGlobalSection
EndGlobal
